
Microsoft Visual Studio Solution File, Format Version 12.00
# Visual Studio Version 16
VisualStudioVersion = 16.0.29609.76
MinimumVisualStudioVersion = 10.0.40219.1
Project("{FAE04EC0-301F-11D3-BF4B-00C04F79EFBC}") = "AITest1", "AITest1.csproj", "{7FE7E236-29C1-4B09-9A94-DD04A90EAC4A}"
EndProject
Global
	GlobalSection(SolutionConfigurationPlatforms) = preSolution
		Debug|Any CPU = Debug|Any CPU
		Release|Any CPU = Release|Any CPU
	EndGlobalSection
	GlobalSection(ProjectConfigurationPlatforms) = postSolution
		{7FE7E236-29C1-4B09-9A94-DD04A90EAC4A}.Debug|Any CPU.ActiveCfg = Debug|Any CPU
		{7FE7E236-29C1-4B09-9A94-DD04A90EAC4A}.Debug|Any CPU.Build.0 = Debug|Any CPU
		{7FE7E236-29C1-4B09-9A94-DD04A90EAC4A}.Release|Any CPU.ActiveCfg = Release|Any CPU
		{7FE7E236-29C1-4B09-9A94-DD04A90EAC4A}.Release|Any CPU.Build.0 = Release|Any CPU
	EndGlobalSection
	GlobalSection(SolutionProperties) = preSolution
		HideSolutionNode = FALSE
	EndGlobalSection
	GlobalSection(ExtensibilityGlobals) = postSolution
		SolutionGuid = {A10F80D6-D2A5-4AC0-9947-D357711E35E0}
	EndGlobalSection
EndGlobal
